
Microsoft Visual Studio Solution File, Format Version 12.00
# Visual Studio 15
VisualStudioVersion = 15.0.27703.2000
MinimumVisualStudioVersion = 10.0.40219.1
Project("{FAE04EC0-301F-11D3-BF4B-00C04F79EFBC}") = "GrainImplementations", "GrainImplementations\GrainImplementations.csproj", "{4C705457-AE2A-4BCA-82BC-44D35C4E6A1C}"
EndProject
Project("{9A19103F-16F7-4668-BE54-9A1E7A4F7556}") = "GrainInterfaces", "GrainInterfaces\GrainInterfaces.csproj", "{EA47AE20-5B3F-4779-811B-93EC4F40BAA4}"
EndProject
Project("{FAE04EC0-301F-11D3-BF4B-00C04F79EFBC}") = "DevSiloHost", "DevSiloHost\DevSiloHost.csproj", "{4420C8AE-0A92-42B2-AB91-CFD0D2D9B1EA}"
EndProject
Project("{9A19103F-16F7-4668-BE54-9A1E7A4F7556}") = "DevClusterClient", "DevClusterClient\DevClusterClient.csproj", "{7630837A-F617-428C-8BDA-5E871B4EE486}"
EndProject
Global
	GlobalSection(SolutionConfigurationPlatforms) = preSolution
		Debug|Any CPU = Debug|Any CPU
		Release|Any CPU = Release|Any CPU
	EndGlobalSection
	GlobalSection(ProjectConfigurationPlatforms) = postSolution
		{4C705457-AE2A-4BCA-82BC-44D35C4E6A1C}.Debug|Any CPU.ActiveCfg = Debug|Any CPU
		{4C705457-AE2A-4BCA-82BC-44D35C4E6A1C}.Debug|Any CPU.Build.0 = Debug|Any CPU
		{4C705457-AE2A-4BCA-82BC-44D35C4E6A1C}.Release|Any CPU.ActiveCfg = Release|Any CPU
		{4C705457-AE2A-4BCA-82BC-44D35C4E6A1C}.Release|Any CPU.Build.0 = Release|Any CPU
		{EA47AE20-5B3F-4779-811B-93EC4F40BAA4}.Debug|Any CPU.ActiveCfg = Debug|Any CPU
		{EA47AE20-5B3F-4779-811B-93EC4F40BAA4}.Debug|Any CPU.Build.0 = Debug|Any CPU
		{EA47AE20-5B3F-4779-811B-93EC4F40BAA4}.Release|Any CPU.ActiveCfg = Release|Any CPU
		{EA47AE20-5B3F-4779-811B-93EC4F40BAA4}.Release|Any CPU.Build.0 = Release|Any CPU
		{4420C8AE-0A92-42B2-AB91-CFD0D2D9B1EA}.Debug|Any CPU.ActiveCfg = Debug|Any CPU
		{4420C8AE-0A92-42B2-AB91-CFD0D2D9B1EA}.Debug|Any CPU.Build.0 = Debug|Any CPU
		{4420C8AE-0A92-42B2-AB91-CFD0D2D9B1EA}.Release|Any CPU.ActiveCfg = Release|Any CPU
		{4420C8AE-0A92-42B2-AB91-CFD0D2D9B1EA}.Release|Any CPU.Build.0 = Release|Any CPU
		{7630837A-F617-428C-8BDA-5E871B4EE486}.Debug|Any CPU.ActiveCfg = Debug|Any CPU
		{7630837A-F617-428C-8BDA-5E871B4EE486}.Debug|Any CPU.Build.0 = Debug|Any CPU
		{7630837A-F617-428C-8BDA-5E871B4EE486}.Release|Any CPU.ActiveCfg = Release|Any CPU
		{7630837A-F617-428C-8BDA-5E871B4EE486}.Release|Any CPU.Build.0 = Release|Any CPU
	EndGlobalSection
	GlobalSection(SolutionProperties) = preSolution
		HideSolutionNode = FALSE
	EndGlobalSection
	GlobalSection(ExtensibilityGlobals) = postSolution
		SolutionGuid = {C48FF700-EF37-4ECA-9632-D17925682394}
	EndGlobalSection
EndGlobal
